
Microsoft Visual Studio Solution File, Format Version 12.00
# Visual Studio Version 17
VisualStudioVersion = 17.7.34221.43
MinimumVisualStudioVersion = 10.0.40219.1
Project("{8BC9CEB8-8B4A-11D0-8D11-00A0C91BC942}") = "BOJ_24480", "BOJ_24480\BOJ_24480.vcxproj", "{CD4BDC68-2822-4641-9B65-5B23322EBCDD}"
EndProject
Global
	GlobalSection(SolutionConfigurationPlatforms) = preSolution
		Debug|x64 = Debug|x64
		Release|x64 = Release|x64
	EndGlobalSection
	GlobalSection(ProjectConfigurationPlatforms) = postSolution
		{CD4BDC68-2822-4641-9B65-5B23322EBCDD}.Debug|x64.ActiveCfg = Debug|x64
		{CD4BDC68-2822-4641-9B65-5B23322EBCDD}.Debug|x64.Build.0 = Debug|x64
		{CD4BDC68-2822-4641-9B65-5B23322EBCDD}.Release|x64.ActiveCfg = Release|x64
		{CD4BDC68-2822-4641-9B65-5B23322EBCDD}.Release|x64.Build.0 = Release|x64
	EndGlobalSection
	GlobalSection(SolutionProperties) = preSolution
		HideSolutionNode = FALSE
	EndGlobalSection
	GlobalSection(ExtensibilityGlobals) = postSolution
		SolutionGuid = {AF30CCE9-D119-40DD-859C-BD08B67FFCDC}
	EndGlobalSection
EndGlobal
